
Microsoft Visual Studio Solution File, Format Version 12.00
# Visual Studio 15
VisualStudioVersion = 15.0.28307.1267
MinimumVisualStudioVersion = 10.0.40219.1
Project("{FAE04EC0-301F-11D3-BF4B-00C04F79EFBC}") = "DesafioAPI", "DesafioAPI\DesafioAPI.csproj", "{423C8224-BE75-4FC9-AAE3-3A246572AE7B}"
EndProject
Global
	GlobalSection(SolutionConfigurationPlatforms) = preSolution
		Debug|Any CPU = Debug|Any CPU
		Release|Any CPU = Release|Any CPU
	EndGlobalSection
	GlobalSection(ProjectConfigurationPlatforms) = postSolution
		{423C8224-BE75-4FC9-AAE3-3A246572AE7B}.Debug|Any CPU.ActiveCfg = Debug|Any CPU
		{423C8224-BE75-4FC9-AAE3-3A246572AE7B}.Debug|Any CPU.Build.0 = Debug|Any CPU
		{423C8224-BE75-4FC9-AAE3-3A246572AE7B}.Release|Any CPU.ActiveCfg = Release|Any CPU
		{423C8224-BE75-4FC9-AAE3-3A246572AE7B}.Release|Any CPU.Build.0 = Release|Any CPU
	EndGlobalSection
	GlobalSection(SolutionProperties) = preSolution
		HideSolutionNode = FALSE
	EndGlobalSection
	GlobalSection(ExtensibilityGlobals) = postSolution
		SolutionGuid = {C4C47618-2E19-4DB5-A711-610339A5345E}
	EndGlobalSection
EndGlobal
